PODS:
  - AFNetworking (4.0.1):
    - AFNetworking/NSURLSession (= 4.0.1)
    - AFNetworking/Reachability (= 4.0.1)
    - AFNetworking/Security (= 4.0.1)
    - AFNetworking/Serialization (= 4.0.1)
    - AFNetworking/UIKit (= 4.0.1)
  - AFNetworking/NSURLSession (4.0.1):
    - AFNetworking/Reachability
    - AFNetworking/Security
    - AFNetworking/Serialization
  - AFNetworking/Reachability (4.0.1)
  - AFNetworking/Security (4.0.1)
  - AFNetworking/Serialization (4.0.1)
  - AFNetworking/UIKit (4.0.1):
    - AFNetworking/NSURLSession
  - boost-for-react-native (1.63.0)
  - CocoaAsyncSocket (7.6.5)
  - CocoaLibEvent (1.0.0)
  - ComponentKit (0.31):
    - RenderCore (= 0.31)
    - Yoga (~> 1.14)
  - FLAnimatedImage (1.0.16)
  - Flipper (0.95.1):
    - Flipper-Folly (~> 2.6)
    - Flipper-RSocket (~> 1.4)
  - Flipper-Boost-iOSX (1.76.0.1.11)
  - Flipper-DoubleConversion (3.1.7)
  - Flipper-Fmt (7.1.7)
  - Flipper-Folly (2.6.8):
    - Flipper-Boost-iOSX
    - Flipper-DoubleConversion
    - Flipper-Fmt (= 7.1.7)
    - Flipper-Glog
    - libevent (~> 2.1.12)
    - OpenSSL-Universal (= 1.1.1100)
  - Flipper-Glog (0.3.9)
  - Flipper-PeerTalk (0.0.4)
  - Flipper-RSocket (1.4.3):
    - Flipper-Folly (~> 2.6)
  - FlipperKit (0.95.1):
    - FlipperKit/Core (= 0.95.1)
  - FlipperKit/Core (0.95.1):
    - Flipper (~> 0.95.1)
    - FlipperKit/CppBridge
    - FlipperKit/FBCxxFollyDynamicConvert
    - FlipperKit/FBDefines
    - FlipperKit/FKPortForwarding
  - FlipperKit/CppBridge (0.95.1):
    - Flipper (~> 0.95.1)
  - FlipperKit/FBCxxFollyDynamicConvert (0.95.1):
    - Flipper-Folly (~> 2.6)
  - FlipperKit/FBDefines (0.95.1)
  - FlipperKit/FKPortForwarding (0.95.1):
    - CocoaAsyncSocket (~> 7.6)
    - Flipper-PeerTalk (~> 0.0.4)
  - FlipperKit/FlipperKitHighlightOverlay (0.95.1)
  - FlipperKit/FlipperKitLayoutComponentKitSupport (0.95.1):
    - ComponentKit (= 0.31)
    - FlipperKit/Core
    - FlipperKit/FlipperKitHighlightOverlay
    - FlipperKit/FlipperKitLayoutHelpers
    - FlipperKit/FlipperKitLayoutPlugin
    - FlipperKit/FlipperKitLayoutTextSearchable
    - RenderCore (= 0.31)
  - FlipperKit/FlipperKitLayoutHelpers (0.95.1):
    - FlipperKit/Core
    - FlipperKit/FlipperKitHighlightOverlay
    - FlipperKit/FlipperKitLayoutTextSearchable
  - FlipperKit/FlipperKitLayoutIOSDescriptors (0.95.1):
    - FlipperKit/Core
    - FlipperKit/FlipperKitHighlightOverlay
    - FlipperKit/FlipperKitLayoutHelpers
    - YogaKit (~> 1.18)
  - FlipperKit/FlipperKitLayoutPlugin (0.95.1):
    - FlipperKit/Core
    - FlipperKit/FlipperKitHighlightOverlay
    - FlipperKit/FlipperKitLayoutHelpers
    - FlipperKit/FlipperKitLayoutIOSDescriptors
    - FlipperKit/FlipperKitLayoutTextSearchable
    - YogaKit (~> 1.18)
  - FlipperKit/FlipperKitLayoutTextSearchable (0.95.1)
  - FlipperKit/FlipperKitNetworkPlugin (0.95.1):
    - FlipperKit/Core
  - FlipperKit/FlipperKitUserDefaultsPlugin (0.95.1):
    - FlipperKit/Core
  - FlipperKit/SKIOSNetworkPlugin (0.95.1):
    - FlipperKit/Core
    - FlipperKit/FlipperKitNetworkPlugin
  - IDnowSDK (4.1.7):
    - AFNetworking (~> 4.0)
    - FLAnimatedImage (~> 1.0)
    - libPhoneNumber-iOS (~> 0.9)
    - Masonry (~> 1.1.0)
    - SocketRocket (~> 0.5.1)
  - libevent (2.1.12)
  - libPhoneNumber-iOS (0.9.15)
  - Masonry (1.1.0)
  - OpenSSL-Universal (1.1.1100)
  - RenderCore (0.31)
  - SocketRocket (0.5.1)
  - Yoga (1.14.0)
  - YogaKit (1.18.1):
    - Yoga (~> 1.14)

DEPENDENCIES:
  - boost-for-react-native
  - CocoaAsyncSocket
  - CocoaLibEvent
  - ComponentKit (~> 0.31)
  - Flipper-DoubleConversion
  - Flipper-Folly
  - Flipper-Glog
  - Flipper-PeerTalk
  - FlipperKit (~> 0.95.1)
  - FlipperKit/FlipperKitLayoutComponentKitSupport (~> 0.95.1)
  - FlipperKit/FlipperKitUserDefaultsPlugin (~> 0.95.1)
  - FlipperKit/SKIOSNetworkPlugin (~> 0.95.1)
  - IDnowSDK (~> 4.1.7)
  - OpenSSL-Universal

SPEC REPOS:
  trunk:
    - AFNetworking
    - boost-for-react-native
    - CocoaAsyncSocket
    - CocoaLibEvent
    - ComponentKit
    - FLAnimatedImage
    - Flipper
    - Flipper-Boost-iOSX
    - Flipper-DoubleConversion
    - Flipper-Fmt
    - Flipper-Folly
    - Flipper-Glog
    - Flipper-PeerTalk
    - Flipper-RSocket
    - FlipperKit
    - IDnowSDK
    - libevent
    - libPhoneNumber-iOS
    - Masonry
    - OpenSSL-Universal
    - RenderCore
    - SocketRocket
    - Yoga
    - YogaKit

SPEC CHECKSUMS:
  AFNetworking: 7864c38297c79aaca1500c33288e429c3451fdce
  boost-for-react-native: 39c7adb57c4e60d6c5479dd8623128eb5b3f0f2c
  CocoaAsyncSocket: 065fd1e645c7abab64f7a6a2007a48038fdc6a99
  CocoaLibEvent: 2fab71b8bd46dd33ddb959f7928ec5909f838e3f
  ComponentKit: 7bf7048b9814afc6b6641645a14177f95fd9b9ae
  FLAnimatedImage: 8f3e854ebf9680b71f0b6e700939687fc4d82b4b
  Flipper: 7311910c1b4b66034051c0311c0489d0c9a8b0e1
  Flipper-Boost-iOSX: fd1e2b8cbef7e662a122412d7ac5f5bea715403c
  Flipper-DoubleConversion: 57ffbe81ef95306cc9e69c4aa3aeeeeb58a6a28c
  Flipper-Fmt: 60cbdd92fc254826e61d669a5d87ef7015396a9b
  Flipper-Folly: a9e04759dd1da8ffaa7ccca7679688cabbb626cf
  Flipper-Glog: 05579840e2750ec907ee2f81544f41ad76a7cae4
  Flipper-PeerTalk: 116d8f857dc6ef55c7a5a75ea3ceaafe878aadc9
  Flipper-RSocket: d9d9ade67cbecf6ac10730304bf5607266dd2541
  FlipperKit: 8bb03ea9def7c291409670e14f41931c2adabb57
  IDnowSDK: da5f008301381bba80c60a1fd67821244bfda464
  libevent: 4049cae6c81cdb3654a443be001fb9bdceff7913
  libPhoneNumber-iOS: 0a32a9525cf8744fe02c5206eb30d571e38f7d75
  Masonry: 678fab65091a9290e40e2832a55e7ab731aad201
  OpenSSL-Universal: ebc357f1e6bc71fa463ccb2fe676756aff50e88c
  RenderCore: 090beb17b5bff80b86929a7ceb49df789923d23a
  SocketRocket: d57c7159b83c3c6655745cd15302aa24b6bae531
  Yoga: cff67a400f6b74dc38eb0bad4f156673d9aa980c
  YogaKit: f782866e155069a2cca2517aafea43200b01fd5a

PODFILE CHECKSUM: f6e2d6084f802eac4660664ac051d357e503a1be

COCOAPODS: 1.10.1
